{
  "version": 4,
  "terraform_version": "1.8.5",
  "serial": 3,
  "lineage": "4208a366-5d37-efd2-a7f5-d479ab8f6d68",
  "outputs": {
    "resource_group_id": {
      "value": "/subscriptions/a9757151-ef65-4b1f-9e45-c8604ebe9e4d/resourcegroups/gs-basic-rg",
      "type": "string"
    }
  },
  "resources": [
    {
      "mode": "managed",
      "type": "azurerm_resource_group",
      "name": "rg",
      "provider": "provider[\"registry.terraform.io/hashicorp/azurerm\"]",
      "instances": [
        {
          "schema_version": 0,
          "attributes": {
            "id": "/subscriptions/a9757151-ef65-4b1f-9e45-c8604ebe9e4d/resourcegroups/gs-basic-rg",
            "location": "westeurope",
            "managed_by": "",
            "name": "gs-basic-rg",
            "tags": {
              "example": "basic",
              "groundstack": "true"
            },
            "timeouts": null
          },
          "sensitive_attributes": [],
          "private": "eyJlMmJmYjczMC1lY2FhLTExZTYtOGY4OC0zNDM2M2JjN2M0YzAiOnsiY3JlYXRlIjo1NDAwMDAwMDAwMDAwLCJkZWxldGUiOjU0MDAwMDAwMDAwMDAsInJlYWQiOjMwMDAwMDAwMDAwMCwidXBkYXRlIjo1NDAwMDAwMDAwMDAwfX0="
        }
      ]
    }
  ],
  "check_results": null
}
